
Microsoft Visual Studio Solution File, Format Version 12.00
# Visual Studio Version 17
VisualStudioVersion = 17.5.33530.505
MinimumVisualStudioVersion = 10.0.40219.1
Project("{FAE04EC0-301F-11D3-BF4B-00C04F79EFBC}") = "Interfaces", "Interfaces\Interfaces.csproj", "{0FFCA173-938B-4979-83B9-40E76A4ABE4D}"
EndProject
Global
	GlobalSection(SolutionConfigurationPlatforms) = preSolution
		Debug|Any CPU = Debug|Any CPU
		Release|Any CPU = Release|Any CPU
	EndGlobalSection
	GlobalSection(ProjectConfigurationPlatforms) = postSolution
		{0FFCA173-938B-4979-83B9-40E76A4ABE4D}.Debug|Any CPU.ActiveCfg = Debug|Any CPU
		{0FFCA173-938B-4979-83B9-40E76A4ABE4D}.Debug|Any CPU.Build.0 = Debug|Any CPU
		{0FFCA173-938B-4979-83B9-40E76A4ABE4D}.Release|Any CPU.ActiveCfg = Release|Any CPU
		{0FFCA173-938B-4979-83B9-40E76A4ABE4D}.Release|Any CPU.Build.0 = Release|Any CPU
	EndGlobalSection
	GlobalSection(SolutionProperties) = preSolution
		HideSolutionNode = FALSE
	EndGlobalSection
	GlobalSection(ExtensibilityGlobals) = postSolution
		SolutionGuid = {64B8E890-AC14-48DC-8E57-6F1E95B318AB}
	EndGlobalSection
EndGlobal
